
Microsoft Visual Studio Solution File, Format Version 12.00
# Visual Studio Version 16
VisualStudioVersion = 16.0.30611.23
MinimumVisualStudioVersion = 10.0.40219.1
Project("{2150E333-8FDC-42A3-9474-1A3956D46DE8}") = "src", "src", "{60AA1602-435D-434A-959D-8E537AE3FA41}"
EndProject
Project("{2150E333-8FDC-42A3-9474-1A3956D46DE8}") = "tests", "tests", "{97A8DE98-3516-4F11-93F5-CBA385D2AE83}"
EndProject
Project("{2150E333-8FDC-42A3-9474-1A3956D46DE8}") = "sandbox", "sandbox", "{23B72330-DC5E-4320-AAA2-A09912732E93}"
EndProject
Project("{9A19103F-16F7-4668-BE54-9A1E7A4F7556}") = "BlazorGenUI.Components", "src\BlazorGenUI.Components\BlazorGenUI.Components.csproj", "{25B3DFF3-C8CD-44FA-BF90-7D13D3BBEC4E}"
EndProject
Project("{9A19103F-16F7-4668-BE54-9A1E7A4F7556}") = "BlazorGenUI.Reflection", "src\BlazorGenUI.Reflection\BlazorGenUI.Reflection.csproj", "{E186F4A1-B54C-4508-8619-273AA0191818}"
EndProject
Project("{9A19103F-16F7-4668-BE54-9A1E7A4F7556}") = "ObjectsClassLibrary", "tests\sandbox\ObjectsClassLibrary\ObjectsClassLibrary.csproj", "{6AA27217-486C-43B9-8828-48092BBD91E9}"
EndProject
Project("{2150E333-8FDC-42A3-9474-1A3956D46DE8}") = "api", "api", "{6604A9AE-253B-4C23-B189-A37B6696825E}"
EndProject
Project("{9A19103F-16F7-4668-BE54-9A1E7A4F7556}") = "FestivalProject", "tests\sandbox\api\FestivalProject\FestivalProject.csproj", "{E0B657B9-1AF9-45C1-ADDD-1E00474C4F96}"
EndProject
Project("{9A19103F-16F7-4668-BE54-9A1E7A4F7556}") = "FestivalProject.BL", "tests\sandbox\api\FestivalProject.BL\FestivalProject.BL.csproj", "{3259683C-AF0C-44F5-9662-4BB780FF8764}"
EndProject
Project("{9A19103F-16F7-4668-BE54-9A1E7A4F7556}") = "FestivalProject.DAL", "tests\sandbox\api\FestivalProject.DAL\FestivalProject.DAL.csproj", "{41611198-07A6-4A7C-A69E-E00950B854E5}"
EndProject
Project("{9A19103F-16F7-4668-BE54-9A1E7A4F7556}") = "ServerSideTestApp", "tests\sandbox\ServerSideTestApp\ServerSideTestApp.csproj", "{5DBF4E60-11E0-48B2-8354-9D9B1CD1F811}"
EndProject
Project("{9A19103F-16F7-4668-BE54-9A1E7A4F7556}") = "FestivalProject.Common", "tests\sandbox\api\FestivalProject.Common\FestivalProject.Common.csproj", "{C710C90C-B0CF-4271-9917-D2E44A432EE5}"
EndProject
Project("{2150E333-8FDC-42A3-9474-1A3956D46DE8}") = "tests", "tests", "{371A48C7-BBCD-4E38-B5D5-5FA3FB29FE4C}"
EndProject
Project("{9A19103F-16F7-4668-BE54-9A1E7A4F7556}") = "BlazorGenUI.Tests", "tests\sandbox\tests\ReflectionTests\BlazorGenUI.Tests.csproj", "{BAA1725C-0D48-4C26-8C3F-83FBB36645AC}"
EndProject
Global
	GlobalSection(SolutionConfigurationPlatforms) = preSolution
		Debug|Any CPU = Debug|Any CPU
		Release|Any CPU = Release|Any CPU
	EndGlobalSection
	GlobalSection(ProjectConfigurationPlatforms) = postSolution
		{25B3DFF3-C8CD-44FA-BF90-7D13D3BBEC4E}.Debug|Any CPU.ActiveCfg = Debug|Any CPU
		{25B3DFF3-C8CD-44FA-BF90-7D13D3BBEC4E}.Debug|Any CPU.Build.0 = Debug|Any CPU
		{25B3DFF3-C8CD-44FA-BF90-7D13D3BBEC4E}.Release|Any CPU.ActiveCfg = Release|Any CPU
		{25B3DFF3-C8CD-44FA-BF90-7D13D3BBEC4E}.Release|Any CPU.Build.0 = Release|Any CPU
		{E186F4A1-B54C-4508-8619-273AA0191818}.Debug|Any CPU.ActiveCfg = Debug|Any CPU
		{E186F4A1-B54C-4508-8619-273AA0191818}.Debug|Any CPU.Build.0 = Debug|Any CPU
		{E186F4A1-B54C-4508-8619-273AA0191818}.Release|Any CPU.ActiveCfg = Release|Any CPU
		{E186F4A1-B54C-4508-8619-273AA0191818}.Release|Any CPU.Build.0 = Release|Any CPU
		{6AA27217-486C-43B9-8828-48092BBD91E9}.Debug|Any CPU.ActiveCfg = Debug|Any CPU
		{6AA27217-486C-43B9-8828-48092BBD91E9}.Debug|Any CPU.Build.0 = Debug|Any CPU
		{6AA27217-486C-43B9-8828-48092BBD91E9}.Release|Any CPU.ActiveCfg = Release|Any CPU
		{6AA27217-486C-43B9-8828-48092BBD91E9}.Release|Any CPU.Build.0 = Release|Any CPU
		{E0B657B9-1AF9-45C1-ADDD-1E00474C4F96}.Debug|Any CPU.ActiveCfg = Debug|Any CPU
		{E0B657B9-1AF9-45C1-ADDD-1E00474C4F96}.Debug|Any CPU.Build.0 = Debug|Any CPU
		{E0B657B9-1AF9-45C1-ADDD-1E00474C4F96}.Release|Any CPU.ActiveCfg = Release|Any CPU
		{E0B657B9-1AF9-45C1-ADDD-1E00474C4F96}.Release|Any CPU.Build.0 = Release|Any CPU
		{3259683C-AF0C-44F5-9662-4BB780FF8764}.Debug|Any CPU.ActiveCfg = Debug|Any CPU
		{3259683C-AF0C-44F5-9662-4BB780FF8764}.Debug|Any CPU.Build.0 = Debug|Any CPU
		{3259683C-AF0C-44F5-9662-4BB780FF8764}.Release|Any CPU.ActiveCfg = Release|Any CPU
		{3259683C-AF0C-44F5-9662-4BB780FF8764}.Release|Any CPU.Build.0 = Release|Any CPU
		{41611198-07A6-4A7C-A69E-E00950B854E5}.Debug|Any CPU.ActiveCfg = Debug|Any CPU
		{41611198-07A6-4A7C-A69E-E00950B854E5}.Debug|Any CPU.Build.0 = Debug|Any CPU
		{41611198-07A6-4A7C-A69E-E00950B854E5}.Release|Any CPU.ActiveCfg = Release|Any CPU
		{41611198-07A6-4A7C-A69E-E00950B854E5}.Release|Any CPU.Build.0 = Release|Any CPU
		{5DBF4E60-11E0-48B2-8354-9D9B1CD1F811}.Debug|Any CPU.ActiveCfg = Debug|Any CPU
		{5DBF4E60-11E0-48B2-8354-9D9B1CD1F811}.Debug|Any CPU.Build.0 = Debug|Any CPU
		{5DBF4E60-11E0-48B2-8354-9D9B1CD1F811}.Release|Any CPU.ActiveCfg = Release|Any CPU
		{5DBF4E60-11E0-48B2-8354-9D9B1CD1F811}.Release|Any CPU.Build.0 = Release|Any CPU
		{C710C90C-B0CF-4271-9917-D2E44A432EE5}.Debug|Any CPU.ActiveCfg = Debug|Any CPU
		{C710C90C-B0CF-4271-9917-D2E44A432EE5}.Debug|Any CPU.Build.0 = Debug|Any CPU
		{C710C90C-B0CF-4271-9917-D2E44A432EE5}.Release|Any CPU.ActiveCfg = Release|Any CPU
		{C710C90C-B0CF-4271-9917-D2E44A432EE5}.Release|Any CPU.Build.0 = Release|Any CPU
		{BAA1725C-0D48-4C26-8C3F-83FBB36645AC}.Debug|Any CPU.ActiveCfg = Debug|Any CPU
		{BAA1725C-0D48-4C26-8C3F-83FBB36645AC}.Debug|Any CPU.Build.0 = Debug|Any CPU
		{BAA1725C-0D48-4C26-8C3F-83FBB36645AC}.Release|Any CPU.ActiveCfg = Release|Any CPU
		{BAA1725C-0D48-4C26-8C3F-83FBB36645AC}.Release|Any CPU.Build.0 = Release|Any CPU
	EndGlobalSection
	GlobalSection(SolutionProperties) = preSolution
		HideSolutionNode = FALSE
	EndGlobalSection
	GlobalSection(NestedProjects) = preSolution
		{23B72330-DC5E-4320-AAA2-A09912732E93} = {97A8DE98-3516-4F11-93F5-CBA385D2AE83}
		{25B3DFF3-C8CD-44FA-BF90-7D13D3BBEC4E} = {60AA1602-435D-434A-959D-8E537AE3FA41}
		{E186F4A1-B54C-4508-8619-273AA0191818} = {60AA1602-435D-434A-959D-8E537AE3FA41}
		{6AA27217-486C-43B9-8828-48092BBD91E9} = {23B72330-DC5E-4320-AAA2-A09912732E93}
		{6604A9AE-253B-4C23-B189-A37B6696825E} = {23B72330-DC5E-4320-AAA2-A09912732E93}
		{E0B657B9-1AF9-45C1-ADDD-1E00474C4F96} = {6604A9AE-253B-4C23-B189-A37B6696825E}
		{3259683C-AF0C-44F5-9662-4BB780FF8764} = {6604A9AE-253B-4C23-B189-A37B6696825E}
		{41611198-07A6-4A7C-A69E-E00950B854E5} = {6604A9AE-253B-4C23-B189-A37B6696825E}
		{5DBF4E60-11E0-48B2-8354-9D9B1CD1F811} = {23B72330-DC5E-4320-AAA2-A09912732E93}
		{C710C90C-B0CF-4271-9917-D2E44A432EE5} = {6604A9AE-253B-4C23-B189-A37B6696825E}
		{371A48C7-BBCD-4E38-B5D5-5FA3FB29FE4C} = {23B72330-DC5E-4320-AAA2-A09912732E93}
		{BAA1725C-0D48-4C26-8C3F-83FBB36645AC} = {371A48C7-BBCD-4E38-B5D5-5FA3FB29FE4C}
	EndGlobalSection
	GlobalSection(ExtensibilityGlobals) = postSolution
		SolutionGuid = {DAA6368A-1A6D-429C-9C42-B54157F073E1}
	EndGlobalSection
EndGlobal
